// !$*UTF8*$!
{
	archiveVersion = 1;
	classes = {
	};
	objectVersion = 46;
	objects = {

/* Begin PBXBuildFile section */
		4F13E07C1DA484B000836064 /* AppDelegate.swift in Sources */ = {isa = PBXBuildFile; fileRef = 4F13E07B1DA484B000836064 /* AppDelegate.swift */; };
		4F13E0831DA484B000836064 /* Assets.xcassets in Resources */ = {isa = PBXBuildFile; fileRef = 4F13E0821DA484B000836064 /* Assets.xcassets */; };
		4F13E0861DA484B000836064 /* LaunchScreen.storyboard in Resources */ = {isa = PBXBuildFile; fileRef = 4F13E0841DA484B000836064 /* LaunchScreen.storyboard */; };
		4F13E0911DA484B000836064 /* RealmChatTests.swift in Sources */ = {isa = PBXBuildFile; fileRef = 4F13E0901DA484B000836064 /* RealmChatTests.swift */; };
		4F13E09C1DA484B000836064 /* RealmChatUITests.swift in Sources */ = {isa = PBXBuildFile; fileRef = 4F13E09B1DA484B000836064 /* RealmChatUITests.swift */; };
		4F13E0B61DA4870400836064 /* EntranceViewController.swift in Sources */ = {isa = PBXBuildFile; fileRef = 4F13E0B51DA4870400836064 /* EntranceViewController.swift */; };
		4F13E0B91DA488B200836064 /* Entrance.storyboard in Resources */ = {isa = PBXBuildFile; fileRef = 4F13E0BB1DA488B200836064 /* Entrance.storyboard */; };
		4F13E0C11DA48A5800836064 /* Instantitable.swift in Sources */ = {isa = PBXBuildFile; fileRef = 4F13E0C01DA48A5800836064 /* Instantitable.swift */; };
		4F13E0C31DA48F0E00836064 /* RegisterViewController.swift in Sources */ = {isa = PBXBuildFile; fileRef = 4F13E0C21DA48F0E00836064 /* RegisterViewController.swift */; };
		4F13E0C51DA48F1700836064 /* LoginViewController.swift in Sources */ = {isa = PBXBuildFile; fileRef = 4F13E0C41DA48F1700836064 /* LoginViewController.swift */; };
		4F13E0C91DA499D900836064 /* Localizable.swift in Sources */ = {isa = PBXBuildFile; fileRef = 4F13E0C81DA499D900836064 /* Localizable.swift */; };
		4F13E0CD1DA49ADE00836064 /* Localizable.strings in Resources */ = {isa = PBXBuildFile; fileRef = 4F13E0CF1DA49ADE00836064 /* Localizable.strings */; };
		4F9B82FA1DA65BAD000F177A /* MessageCell.swift in Sources */ = {isa = PBXBuildFile; fileRef = 4F9B82F91DA65BAD000F177A /* MessageCell.swift */; };
		4FFF03231DA4A489004E938A /* RealmConstants.swift in Sources */ = {isa = PBXBuildFile; fileRef = 4FFF03221DA4A489004E938A /* RealmConstants.swift */; };
		4FFF03251DA4B3D3004E938A /* Libraries.swift in Sources */ = {isa = PBXBuildFile; fileRef = 4FFF03241DA4B3D3004E938A /* Libraries.swift */; };
		4FFF03281DA4CE09004E938A /* TopViewController.swift in Sources */ = {isa = PBXBuildFile; fileRef = 4FFF03271DA4CE09004E938A /* TopViewController.swift */; };
		4FFF032B1DA4CF92004E938A /* Room.swift in Sources */ = {isa = PBXBuildFile; fileRef = 4FFF032A1DA4CF92004E938A /* Room.swift */; };
		4FFF032D1DA4CFB5004E938A /* Member.swift in Sources */ = {isa = PBXBuildFile; fileRef = 4FFF032C1DA4CFB5004E938A /* Member.swift */; };
		4FFF032F1DA4D07B004E938A /* Message.swift in Sources */ = {isa = PBXBuildFile; fileRef = 4FFF032E1DA4D07B004E938A /* Message.swift */; };
		4FFF03311DA4D23F004E938A /* Top.storyboard in Resources */ = {isa = PBXBuildFile; fileRef = 4FFF03301DA4D23F004E938A /* Top.storyboard */; };
		4FFF03331DA4E413004E938A /* RoomCell.swift in Sources */ = {isa = PBXBuildFile; fileRef = 4FFF03321DA4E413004E938A /* RoomCell.swift */; };
		4FFF03351DA4E5FF004E938A /* Reusable.swift in Sources */ = {isa = PBXBuildFile; fileRef = 4FFF03341DA4E5FF004E938A /* Reusable.swift */; };
		4FFF03381DA4E8E2004E938A /* RoomViewController.swift in Sources */ = {isa = PBXBuildFile; fileRef = 4FFF03371DA4E8E2004E938A /* RoomViewController.swift */; };
		AD69FFF71DAA4E1100DB0418 /* HashKit.framework in Frameworks */ = {isa = PBXBuildFile; fileRef = 4F9B82F41DA5E698000F177A /* HashKit.framework */; };
		AD69FFF81DAA4E1100DB0418 /* Realm.framework in Frameworks */ = {isa = PBXBuildFile; fileRef = 4F13E0AC1DA4860700836064 /* Realm.framework */; };
		AD69FFF91DAA4E1100DB0418 /* RealmSwift.framework in Frameworks */ = {isa = PBXBuildFile; fileRef = 4F13E0AB1DA4860700836064 /* RealmSwift.framework */; };
/* End PBXBuildFile section */

/* Begin PBXContainerItemProxy section */
		4F13E08D1DA484B000836064 /* PBXContainerItemProxy */ = {
			isa = PBXContainerItemProxy;
			containerPortal = 4F13E0701DA484AF00836064 /* Project object */;
			proxyType = 1;
			remoteGlobalIDString = 4F13E0771DA484AF00836064;
			remoteInfo = RealmChat;
		};
		4F13E0981DA484B000836064 /* PBXContainerItemProxy */ = {
			isa = PBXContainerItemProxy;
			containerPortal = 4F13E0701DA484AF00836064 /* Project object */;
			proxyType = 1;
			remoteGlobalIDString = 4F13E0771DA484AF00836064;
			remoteInfo = RealmChat;
		};
/* End PBXContainerItemProxy section */

/* Begin PBXFileReference section */
		4F13E0781DA484B000836064 /* RealmChat.app */ = {isa = PBXFileReference; explicitFileType = wrapper.application; includeInIndex = 0; path = RealmChat.app; sourceTree = BUILT_PRODUCTS_DIR; };
		4F13E07B1DA484B000836064 /* AppDelegate.swift */ = {isa = PBXFileReference; lastKnownFileType = sourcecode.swift; path = AppDelegate.swift; sourceTree = "<group>"; };
		4F13E0821DA484B000836064 /* Assets.xcassets */ = {isa = PBXFileReference; lastKnownFileType = folder.assetcatalog; path = Assets.xcassets; sourceTree = "<group>"; };
		4F13E0851DA484B000836064 /* Base */ = {isa = PBXFileReference; lastKnownFileType = file.storyboard; name = Base; path = Base.lproj/LaunchScreen.storyboard; sourceTree = "<group>"; };
		4F13E0871DA484B000836064 /* Info.plist */ = {isa = PBXFileReference; lastKnownFileType = text.plist.xml; path = Info.plist; sourceTree = "<group>"; };
		4F13E08C1DA484B000836064 /* RealmChatTests.xctest */ = {isa = PBXFileReference; explicitFileType = wrapper.cfbundle; includeInIndex = 0; path = RealmChatTests.xctest; sourceTree = BUILT_PRODUCTS_DIR; };
		4F13E0901DA484B000836064 /* RealmChatTests.swift */ = {isa = PBXFileReference; lastKnownFileType = sourcecode.swift; path = RealmChatTests.swift; sourceTree = "<group>"; };
		4F13E0921DA484B000836064 /* Info.plist */ = {isa = PBXFileReference; lastKnownFileType = text.plist.xml; path = Info.plist; sourceTree = "<group>"; };
		4F13E0971DA484B000836064 /* RealmChatUITests.xctest */ = {isa = PBXFileReference; explicitFileType = wrapper.cfbundle; includeInIndex = 0; path = RealmChatUITests.xctest; sourceTree = BUILT_PRODUCTS_DIR; };
		4F13E09B1DA484B000836064 /* RealmChatUITests.swift */ = {isa = PBXFileReference; lastKnownFileType = sourcecode.swift; path = RealmChatUITests.swift; sourceTree = "<group>"; };
		4F13E09D1DA484B000836064 /* Info.plist */ = {isa = PBXFileReference; lastKnownFileType = text.plist.xml; path = Info.plist; sourceTree = "<group>"; };
		4F13E0AB1DA4860700836064 /* RealmSwift.framework */ = {isa = PBXFileReference; lastKnownFileType = wrapper.framework; name = RealmSwift.framework; path = Carthage/Build/iOS/RealmSwift.framework; sourceTree = "<group>"; };
		4F13E0AC1DA4860700836064 /* Realm.framework */ = {isa = PBXFileReference; lastKnownFileType = wrapper.framework; name = Realm.framework; path = Carthage/Build/iOS/Realm.framework; sourceTree = "<group>"; };
		4F13E0B51DA4870400836064 /* EntranceViewController.swift */ = {isa = PBXFileReference; fileEncoding = 4; lastKnownFileType = sourcecode.swift; path = EntranceViewController.swift; sourceTree = "<group>"; };
		4F13E0BA1DA488B200836064 /* Base */ = {isa = PBXFileReference; lastKnownFileType = file.storyboard; name = Base; path = Base.lproj/Entrance.storyboard; sourceTree = "<group>"; };
		4F13E0C01DA48A5800836064 /* Instantitable.swift */ = {isa = PBXFileReference; fileEncoding = 4; lastKnownFileType = sourcecode.swift; path = Instantitable.swift; sourceTree = "<group>"; };
		4F13E0C21DA48F0E00836064 /* RegisterViewController.swift */ = {isa = PBXFileReference; fileEncoding = 4; lastKnownFileType = sourcecode.swift; path = RegisterViewController.swift; sourceTree = "<group>"; };
		4F13E0C41DA48F1700836064 /* LoginViewController.swift */ = {isa = PBXFileReference; fileEncoding = 4; lastKnownFileType = sourcecode.swift; path = LoginViewController.swift; sourceTree = "<group>"; };
		4F13E0C71DA4993A00836064 /* ja */ = {isa = PBXFileReference; lastKnownFileType = text.plist.strings; name = ja; path = ja.lproj/Entrance.strings; sourceTree = "<group>"; };
		4F13E0C81DA499D900836064 /* Localizable.swift */ = {isa = PBXFileReference; fileEncoding = 4; lastKnownFileType = sourcecode.swift; path = Localizable.swift; sourceTree = "<group>"; };
		4F13E0CE1DA49ADE00836064 /* Base */ = {isa = PBXFileReference; lastKnownFileType = text.plist.strings; name = Base; path = Base.lproj/Localizable.strings; sourceTree = "<group>"; };
		4F13E0D01DA49ADF00836064 /* ja */ = {isa = PBXFileReference; lastKnownFileType = text.plist.strings; name = ja; path = ja.lproj/Localizable.strings; sourceTree = "<group>"; };
		4F9B82F41DA5E698000F177A /* HashKit.framework */ = {isa = PBXFileReference; lastKnownFileType = wrapper.framework; name = HashKit.framework; path = Carthage/Build/iOS/HashKit.framework; sourceTree = "<group>"; };
		4F9B82F91DA65BAD000F177A /* MessageCell.swift */ = {isa = PBXFileReference; fileEncoding = 4; lastKnownFileType = sourcecode.swift; path = MessageCell.swift; sourceTree = "<group>"; };
		4FFF03221DA4A489004E938A /* RealmConstants.swift */ = {isa = PBXFileReference; fileEncoding = 4; lastKnownFileType = sourcecode.swift; path = RealmConstants.swift; sourceTree = "<group>"; };
		4FFF03241DA4B3D3004E938A /* Libraries.swift */ = {isa = PBXFileReference; fileEncoding = 4; lastKnownFileType = sourcecode.swift; path = Libraries.swift; sourceTree = "<group>"; };
		4FFF03271DA4CE09004E938A /* TopViewController.swift */ = {isa = PBXFileReference; fileEncoding = 4; lastKnownFileType = sourcecode.swift; path = TopViewController.swift; sourceTree = "<group>"; };
		4FFF032A1DA4CF92004E938A /* Room.swift */ = {isa = PBXFileReference; fileEncoding = 4; lastKnownFileType = sourcecode.swift; path = Room.swift; sourceTree = "<group>"; };
		4FFF032C1DA4CFB5004E938A /* Member.swift */ = {isa = PBXFileReference; fileEncoding = 4; lastKnownFileType = sourcecode.swift; path = Member.swift; sourceTree = "<group>"; };
		4FFF032E1DA4D07B004E938A /* Message.swift */ = {isa = PBXFileReference; fileEncoding = 4; lastKnownFileType = sourcecode.swift; path = Message.swift; sourceTree = "<group>"; };
		4FFF03301DA4D23F004E938A /* Top.storyboard */ = {isa = PBXFileReference; fileEncoding = 4; lastKnownFileType = file.storyboard; path = Top.storyboard; sourceTree = "<group>"; };
		4FFF03321DA4E413004E938A /* RoomCell.swift */ = {isa = PBXFileReference; fileEncoding = 4; lastKnownFileType = sourcecode.swift; path = RoomCell.swift; sourceTree = "<group>"; };
		4FFF03341DA4E5FF004E938A /* Reusable.swift */ = {isa = PBXFileReference; fileEncoding = 4; lastKnownFileType = sourcecode.swift; path = Reusable.swift; sourceTree = "<group>"; };
		4FFF03371DA4E8E2004E938A /* RoomViewController.swift */ = {isa = PBXFileReference; fileEncoding = 4; lastKnownFileType = sourcecode.swift; path = RoomViewController.swift; sourceTree = "<group>"; };
/* End PBXFileReference section */

/* Begin PBXFrameworksBuildPhase section */
		4F13E0751DA484AF00836064 /* Frameworks */ = {
			isa = PBXFrameworksBuildPhase;
			buildActionMask = 2147483647;
			files = (
				AD69FFF71DAA4E1100DB0418 /* HashKit.framework in Frameworks */,
				AD69FFF81DAA4E1100DB0418 /* Realm.framework in Frameworks */,
				AD69FFF91DAA4E1100DB0418 /* RealmSwift.framework in Frameworks */,
			);
			runOnlyForDeploymentPostprocessing = 0;
		};
		4F13E0891DA484B000836064 /* Frameworks */ = {
			isa = PBXFrameworksBuildPhase;
			buildActionMask = 2147483647;
			files = (
			);
			runOnlyForDeploymentPostprocessing = 0;
		};
		4F13E0941DA484B000836064 /* Frameworks */ = {
			isa = PBXFrameworksBuildPhase;
			buildActionMask = 2147483647;
			files = (
			);
			runOnlyForDeploymentPostprocessing = 0;
		};
/* End PBXFrameworksBuildPhase section */

/* Begin PBXGroup section */
		4F13E06F1DA484AF00836064 = {
			isa = PBXGroup;
			children = (
				4F13E07A1DA484B000836064 /* RealmChat */,
				4F13E08F1DA484B000836064 /* RealmChatTests */,
				4F13E09A1DA484B000836064 /* RealmChatUITests */,
				4F13E0791DA484B000836064 /* Products */,
				4F13E0AA1DA4860700836064 /* Frameworks */,
			);
			sourceTree = "<group>";
		};
		4F13E0791DA484B000836064 /* Products */ = {
			isa = PBXGroup;
			children = (
				4F13E0781DA484B000836064 /* RealmChat.app */,
				4F13E08C1DA484B000836064 /* RealmChatTests.xctest */,
				4F13E0971DA484B000836064 /* RealmChatUITests.xctest */,
			);
			name = Products;
			sourceTree = "<group>";
		};
		4F13E07A1DA484B000836064 /* RealmChat */ = {
			isa = PBXGroup;
			children = (
				4F13E0CA1DA49ABB00836064 /* Resources */,
				4F13E0BF1DA48A3B00836064 /* Supports */,
				4F13E0AF1DA4865900836064 /* ViewControllers */,
				4FFF03291DA4CE30004E938A /* Models */,
				4F13E07B1DA484B000836064 /* AppDelegate.swift */,
				4F13E0821DA484B000836064 /* Assets.xcassets */,
				4F13E0841DA484B000836064 /* LaunchScreen.storyboard */,
				4F13E0871DA484B000836064 /* Info.plist */,
			);
			path = RealmChat;
			sourceTree = "<group>";
		};
		4F13E08F1DA484B000836064 /* RealmChatTests */ = {
			isa = PBXGroup;
			children = (
				4F13E0901DA484B000836064 /* RealmChatTests.swift */,
				4F13E0921DA484B000836064 /* Info.plist */,
			);
			path = RealmChatTests;
			sourceTree = "<group>";
		};
		4F13E09A1DA484B000836064 /* RealmChatUITests */ = {
			isa = PBXGroup;
			children = (
				4F13E09B1DA484B000836064 /* RealmChatUITests.swift */,
				4F13E09D1DA484B000836064 /* Info.plist */,
			);
			path = RealmChatUITests;
			sourceTree = "<group>";
		};
		4F13E0AA1DA4860700836064 /* Frameworks */ = {
			isa = PBXGroup;
			children = (
				4F9B82F41DA5E698000F177A /* HashKit.framework */,
				4F13E0AB1DA4860700836064 /* RealmSwift.framework */,
				4F13E0AC1DA4860700836064 /* Realm.framework */,
			);
			name = Frameworks;
			sourceTree = "<group>";
		};
		4F13E0AF1DA4865900836064 /* ViewControllers */ = {
			isa = PBXGroup;
			children = (
				4F13E0B21DA486D200836064 /* Entrance */,
				4FFF03261DA4CDD4004E938A /* Top */,
			);
			path = ViewControllers;
			sourceTree = "<group>";
		};
		4F13E0B21DA486D200836064 /* Entrance */ = {
			isa = PBXGroup;
			children = (
				4F13E0B41DA486E500836064 /* Login */,
				4F13E0B31DA486E000836064 /* Register */,
				4F13E0B51DA4870400836064 /* EntranceViewController.swift */,
				4F13E0BB1DA488B200836064 /* Entrance.storyboard */,
			);
			path = Entrance;
			sourceTree = "<group>";
		};
		4F13E0B31DA486E000836064 /* Register */ = {
			isa = PBXGroup;
			children = (
				4F13E0C21DA48F0E00836064 /* RegisterViewController.swift */,
			);
			path = Register;
			sourceTree = "<group>";
		};
		4F13E0B41DA486E500836064 /* Login */ = {
			isa = PBXGroup;
			children = (
				4F13E0C41DA48F1700836064 /* LoginViewController.swift */,
			);
			path = Login;
			sourceTree = "<group>";
		};
		4F13E0BF1DA48A3B00836064 /* Supports */ = {
			isa = PBXGroup;
			children = (
				4FFF03221DA4A489004E938A /* RealmConstants.swift */,
				4F13E0C01DA48A5800836064 /* Instantitable.swift */,
				4F13E0C81DA499D900836064 /* Localizable.swift */,
				4FFF03241DA4B3D3004E938A /* Libraries.swift */,
				4FFF03341DA4E5FF004E938A /* Reusable.swift */,
			);
			path = Supports;
			sourceTree = "<group>";
		};
		4F13E0CA1DA49ABB00836064 /* Resources */ = {
			isa = PBXGroup;
			children = (
				4F13E0CF1DA49ADE00836064 /* Localizable.strings */,
			);
			path = Resources;
			sourceTree = "<group>";
		};
		4FFF03261DA4CDD4004E938A /* Top */ = {
			isa = PBXGroup;
			children = (
				4FFF03361DA4E8CA004E938A /* Room */,
				4FFF03271DA4CE09004E938A /* TopViewController.swift */,
				4FFF03301DA4D23F004E938A /* Top.storyboard */,
				4FFF03321DA4E413004E938A /* RoomCell.swift */,
			);
			path = Top;
			sourceTree = "<group>";
		};
		4FFF03291DA4CE30004E938A /* Models */ = {
			isa = PBXGroup;
			children = (
				4FFF032A1DA4CF92004E938A /* Room.swift */,
				4FFF032C1DA4CFB5004E938A /* Member.swift */,
				4FFF032E1DA4D07B004E938A /* Message.swift */,
			);
			path = Models;
			sourceTree = "<group>";
		};
		4FFF03361DA4E8CA004E938A /* Room */ = {
			isa = PBXGroup;
			children = (
				4FFF03371DA4E8E2004E938A /* RoomViewController.swift */,
				4F9B82F91DA65BAD000F177A /* MessageCell.swift */,
			);
			path = Room;
			sourceTree = "<group>";
		};
/* End PBXGroup section */

/* Begin PBXNativeTarget section */
		4F13E0771DA484AF00836064 /* RealmChat */ = {
			isa = PBXNativeTarget;
			buildConfigurationList = 4F13E0A01DA484B000836064 /* Build configuration list for PBXNativeTarget "RealmChat" */;
			buildPhases = (
				4F13E0741DA484AF00836064 /* Sources */,
				4F13E0751DA484AF00836064 /* Frameworks */,
				4F13E0761DA484AF00836064 /* Resources */,
				4F13E0A91DA485DC00836064 /* Carthage */,
			);
			buildRules = (
			);
			dependencies = (
			);
			name = RealmChat;
			productName = RealmChat;
			productReference = 4F13E0781DA484B000836064 /* RealmChat.app */;
			productType = "com.apple.product-type.application";
		};
		4F13E08B1DA484B000836064 /* RealmChatTests */ = {
			isa = PBXNativeTarget;
			buildConfigurationList = 4F13E0A31DA484B000836064 /* Build configuration list for PBXNativeTarget "RealmChatTests" */;
			buildPhases = (
				4F13E0881DA484B000836064 /* Sources */,
				4F13E0891DA484B000836064 /* Frameworks */,
				4F13E08A1DA484B000836064 /* Resources */,
			);
			buildRules = (
			);
			dependencies = (
				4F13E08E1DA484B000836064 /* PBXTargetDependency */,
			);
			name = RealmChatTests;
			productName = RealmChatTests;
			productReference = 4F13E08C1DA484B000836064 /* RealmChatTests.xctest */;
			productType = "com.apple.product-type.bundle.unit-test";
		};
		4F13E0961DA484B000836064 /* RealmChatUITests */ = {
			isa = PBXNativeTarget;
			buildConfigurationList = 4F13E0A61DA484B000836064 /* Build configuration list for PBXNativeTarget "RealmChatUITests" */;
			buildPhases = (
				4F13E0931DA484B000836064 /* Sources */,
				4F13E0941DA484B000836064 /* Frameworks */,
				4F13E0951DA484B000836064 /* Resources */,
			);
			buildRules = (
			);
			dependencies = (
				4F13E0991DA484B000836064 /* PBXTargetDependency */,
			);
			name = RealmChatUITests;
			productName = RealmChatUITests;
			productReference = 4F13E0971DA484B000836064 /* RealmChatUITests.xctest */;
			productType = "com.apple.product-type.bundle.ui-testing";
		};
/* End PBXNativeTarget section */

/* Begin PBXProject section */
		4F13E0701DA484AF00836064 /* Project object */ = {
			isa = PBXProject;
			attributes = {
				LastSwiftUpdateCheck = 0800;
				LastUpgradeCheck = 0800;
				ORGANIZATIONNAME = fromKK;
				TargetAttributes = {
					4F13E0771DA484AF00836064 = {
						CreatedOnToolsVersion = 8.0;
						DevelopmentTeam = K84E4S7G4C;
						ProvisioningStyle = Automatic;
					};
					4F13E08B1DA484B000836064 = {
						CreatedOnToolsVersion = 8.0;
						DevelopmentTeam = K84E4S7G4C;
						ProvisioningStyle = Automatic;
						TestTargetID = 4F13E0771DA484AF00836064;
					};
					4F13E0961DA484B000836064 = {
						CreatedOnToolsVersion = 8.0;
						DevelopmentTeam = K84E4S7G4C;
						ProvisioningStyle = Automatic;
						TestTargetID = 4F13E0771DA484AF00836064;
					};
				};
			};
			buildConfigurationList = 4F13E0731DA484AF00836064 /* Build configuration list for PBXProject "RealmChat" */;
			compatibilityVersion = "Xcode 3.2";
			developmentRegion = English;
			hasScannedForEncodings = 0;
			knownRegions = (
				en,
				Base,
				ja,
			);
			mainGroup = 4F13E06F1DA484AF00836064;
			productRefGroup = 4F13E0791DA484B000836064 /* Products */;
			projectDirPath = "";
			projectRoot = "";
			targets = (
				4F13E0771DA484AF00836064 /* RealmChat */,
				4F13E08B1DA484B000836064 /* RealmChatTests */,
				4F13E0961DA484B000836064 /* RealmChatUITests */,
			);
		};
/* End PBXProject section */

/* Begin PBXResourcesBuildPhase section */
		4F13E0761DA484AF00836064 /* Resources */ = {
			isa = PBXResourcesBuildPhase;
			buildActionMask = 2147483647;
			files = (
				4F13E0861DA484B000836064 /* LaunchScreen.storyboard in Resources */,
				4F13E0CD1DA49ADE00836064 /* Localizable.strings in Resources */,
				4F13E0831DA484B000836064 /* Assets.xcassets in Resources */,
				4F13E0B91DA488B200836064 /* Entrance.storyboard in Resources */,
				4FFF03311DA4D23F004E938A /* Top.storyboard in Resources */,
			);
			runOnlyForDeploymentPostprocessing = 0;
		};
		4F13E08A1DA484B000836064 /* Resources */ = {
			isa = PBXResourcesBuildPhase;
			buildActionMask = 2147483647;
			files = (
			);
			runOnlyForDeploymentPostprocessing = 0;
		};
		4F13E0951DA484B000836064 /* Resources */ = {
			isa = PBXResourcesBuildPhase;
			buildActionMask = 2147483647;
			files = (
			);
			runOnlyForDeploymentPostprocessing = 0;
		};
/* End PBXResourcesBuildPhase section */

/* Begin PBXShellScriptBuildPhase section */
		4F13E0A91DA485DC00836064 /* Carthage */ = {
			isa = PBXShellScriptBuildPhase;
			buildActionMask = 2147483647;
			files = (
			);
			inputPaths = (
				"$(SRCROOT)/Carthage/Build/iOS/Realm.framework",
				"$(SRCROOT)/Carthage/Build/iOS/RealmSwift.framework",
				"$(SRCROOT)/Carthage/Build/iOS/HashKit.framework",
			);
			name = Carthage;
			outputPaths = (
			);
			runOnlyForDeploymentPostprocessing = 0;
			shellPath = /bin/sh;
			shellScript = "/usr/local/bin/carthage copy-frameworks";
		};
/* End PBXShellScriptBuildPhase section */

/* Begin PBXSourcesBuildPhase section */
		4F13E0741DA484AF00836064 /* Sources */ = {
			isa = PBXSourcesBuildPhase;
			buildActionMask = 2147483647;
			files = (
				4FFF03231DA4A489004E938A /* RealmConstants.swift in Sources */,
				4F9B82FA1DA65BAD000F177A /* MessageCell.swift in Sources */,
				4FFF03331DA4E413004E938A /* RoomCell.swift in Sources */,
				4F13E0C11DA48A5800836064 /* Instantitable.swift in Sources */,
				4FFF03381DA4E8E2004E938A /* RoomViewController.swift in Sources */,
				4F13E0B61DA4870400836064 /* EntranceViewController.swift in Sources */,
				4F13E07C1DA484B000836064 /* AppDelegate.swift in Sources */,
				4FFF032B1DA4CF92004E938A /* Room.swift in Sources */,
				4FFF03351DA4E5FF004E938A /* Reusable.swift in Sources */,
				4F13E0C51DA48F1700836064 /* LoginViewController.swift in Sources */,
				4F13E0C91DA499D900836064 /* Localizable.swift in Sources */,
				4FFF03281DA4CE09004E938A /* TopViewController.swift in Sources */,
				4F13E0C31DA48F0E00836064 /* RegisterViewController.swift in Sources */,
				4FFF032F1DA4D07B004E938A /* Message.swift in Sources */,
				4FFF03251DA4B3D3004E938A /* Libraries.swift in Sources */,
				4FFF032D1DA4CFB5004E938A /* Member.swift in Sources */,
			);
			runOnlyForDeploymentPostprocessing = 0;
		};
		4F13E0881DA484B000836064 /* Sources */ = {
			isa = PBXSourcesBuildPhase;
			buildActionMask = 2147483647;
			files = (
				4F13E0911DA484B000836064 /* RealmChatTests.swift in Sources */,
			);
			runOnlyForDeploymentPostprocessing = 0;
		};
		4F13E0931DA484B000836064 /* Sources */ = {
			isa = PBXSourcesBuildPhase;
			buildActionMask = 2147483647;
			files = (
				4F13E09C1DA484B000836064 /* RealmChatUITests.swift in Sources */,
			);
			runOnlyForDeploymentPostprocessing = 0;
		};
/* End PBXSourcesBuildPhase section */

/* Begin PBXTargetDependency section */
		4F13E08E1DA484B000836064 /* PBXTargetDependency */ = {
			isa = PBXTargetDependency;
			target = 4F13E0771DA484AF00836064 /* RealmChat */;
			targetProxy = 4F13E08D1DA484B000836064 /* PBXContainerItemProxy */;
		};
		4F13E0991DA484B000836064 /* PBXTargetDependency */ = {
			isa = PBXTargetDependency;
			target = 4F13E0771DA484AF00836064 /* RealmChat */;
			targetProxy = 4F13E0981DA484B000836064 /* PBXContainerItemProxy */;
		};
/* End PBXTargetDependency section */

/* Begin PBXVariantGroup section */
		4F13E0841DA484B000836064 /* LaunchScreen.storyboard */ = {
			isa = PBXVariantGroup;
			children = (
				4F13E0851DA484B000836064 /* Base */,
			);
			name = LaunchScreen.storyboard;
			sourceTree = "<group>";
		};
		4F13E0BB1DA488B200836064 /* Entrance.storyboard */ = {
			isa = PBXVariantGroup;
			children = (
				4F13E0BA1DA488B200836064 /* Base */,
				4F13E0C71DA4993A00836064 /* ja */,
			);
			name = Entrance.storyboard;
			sourceTree = "<group>";
		};
		4F13E0CF1DA49ADE00836064 /* Localizable.strings */ = {
			isa = PBXVariantGroup;
			children = (
				4F13E0CE1DA49ADE00836064 /* Base */,
				4F13E0D01DA49ADF00836064 /* ja */,
			);
			name = Localizable.strings;
			sourceTree = "<group>";
		};
/* End PBXVariantGroup section */

/* Begin XCBuildConfiguration section */
		4F13E09E1DA484B000836064 /* Debug */ = {
			isa = XCBuildConfiguration;
			buildSettings = {
				ALWAYS_SEARCH_USER_PATHS = NO;
				CLANG_ANALYZER_LOCALIZABILITY_NONLOCALIZED = YES;
				CLANG_ANALYZER_NONNULL = YES;
				CLANG_CXX_LANGUAGE_STANDARD = "gnu++0x";
				CLANG_CXX_LIBRARY = "libc++";
				CLANG_ENABLE_MODULES = YES;
				CLANG_ENABLE_OBJC_ARC = YES;
				CLANG_WARN_BOOL_CONVERSION = YES;
				CLANG_WARN_CONSTANT_CONVERSION = YES;
				CLANG_WARN_DIRECT_OBJC_ISA_USAGE = YES_ERROR;
				CLANG_WARN_DOCUMENTATION_COMMENTS = YES;
				CLANG_WARN_EMPTY_BODY = YES;
				CLANG_WARN_ENUM_CONVERSION = YES;
				CLANG_WARN_INFINITE_RECURSION = YES;
				CLANG_WARN_INT_CONVERSION = YES;
				CLANG_WARN_OBJC_ROOT_CLASS = YES_ERROR;
				CLANG_WARN_SUSPICIOUS_MOVES = YES;
				CLANG_WARN_UNREACHABLE_CODE = YES;
				CLANG_WARN__DUPLICATE_METHOD_MATCH = YES;
				"CODE_SIGN_IDENTITY[sdk=iphoneos*]" = "iPhone Developer";
				COPY_PHASE_STRIP = NO;
				DEBUG_INFORMATION_FORMAT = dwarf;
				ENABLE_STRICT_OBJC_MSGSEND = YES;
				ENABLE_TESTABILITY = YES;
				GCC_C_LANGUAGE_STANDARD = gnu99;
				GCC_DYNAMIC_NO_PIC = NO;
				GCC_NO_COMMON_BLOCKS = YES;
				GCC_OPTIMIZATION_LEVEL = 0;
				GCC_PREPROCESSOR_DEFINITIONS = (
					"DEBUG=1",
					"$(inherited)",
				);
				GCC_WARN_64_TO_32_BIT_CONVERSION = YES;
				GCC_WARN_ABOUT_RETURN_TYPE = YES_ERROR;
				GCC_WARN_UNDECLARED_SELECTOR = YES;
				GCC_WARN_UNINITIALIZED_AUTOS = YES_AGGRESSIVE;
				GCC_WARN_UNUSED_FUNCTION = YES;
				GCC_WARN_UNUSED_VARIABLE = YES;
				IPHONEOS_DEPLOYMENT_TARGET = 10.0;
				MTL_ENABLE_DEBUG_INFO = YES;
				ONLY_ACTIVE_ARCH = YES;
				SDKROOT = iphoneos;
				SWIFT_ACTIVE_COMPILATION_CONDITIONS = DEBUG;
				SWIFT_OPTIMIZATION_LEVEL = "-Onone";
			};
			name = Debug;
		};
		4F13E09F1DA484B000836064 /* Release */ = {
			isa = XCBuildConfiguration;
			buildSettings = {
				ALWAYS_SEARCH_USER_PATHS = NO;
				CLANG_ANALYZER_LOCALIZABILITY_NONLOCALIZED = YES;
				CLANG_ANALYZER_NONNULL = YES;
				CLANG_CXX_LANGUAGE_STANDARD = "gnu++0x";
				CLANG_CXX_LIBRARY = "libc++";
				CLANG_ENABLE_MODULES = YES;
				CLANG_ENABLE_OBJC_ARC = YES;
				CLANG_WARN_BOOL_CONVERSION = YES;
				CLANG_WARN_CONSTANT_CONVERSION = YES;
				CLANG_WARN_DIRECT_OBJC_ISA_USAGE = YES_ERROR;
				CLANG_WARN_DOCUMENTATION_COMMENTS = YES;
				CLANG_WARN_EMPTY_BODY = YES;
				CLANG_WARN_ENUM_CONVERSION = YES;
				CLANG_WARN_INFINITE_RECURSION = YES;
				CLANG_WARN_INT_CONVERSION = YES;
				CLANG_WARN_OBJC_ROOT_CLASS = YES_ERROR;
				CLANG_WARN_SUSPICIOUS_MOVES = YES;
				CLANG_WARN_UNREACHABLE_CODE = YES;
				CLANG_WARN__DUPLICATE_METHOD_MATCH = YES;
				"CODE_SIGN_IDENTITY[sdk=iphoneos*]" = "iPhone Developer";
				COPY_PHASE_STRIP = NO;
				DEBUG_INFORMATION_FORMAT = "dwarf-with-dsym";
				ENABLE_NS_ASSERTIONS = NO;
				ENABLE_STRICT_OBJC_MSGSEND = YES;
				GCC_C_LANGUAGE_STANDARD = gnu99;
				GCC_NO_COMMON_BLOCKS = YES;
				GCC_WARN_64_TO_32_BIT_CONVERSION = YES;
				GCC_WARN_ABOUT_RETURN_TYPE = YES_ERROR;
				GCC_WARN_UNDECLARED_SELECTOR = YES;
				GCC_WARN_UNINITIALIZED_AUTOS = YES_AGGRESSIVE;
				GCC_WARN_UNUSED_FUNCTION = YES;
				GCC_WARN_UNUSED_VARIABLE = YES;
				IPHONEOS_DEPLOYMENT_TARGET = 10.0;
				MTL_ENABLE_DEBUG_INFO = NO;
				SDKROOT = iphoneos;
				SWIFT_OPTIMIZATION_LEVEL = "-Owholemodule";
				VALIDATE_PRODUCT = YES;
			};
			name = Release;
		};
		4F13E0A11DA484B000836064 /* Debug */ = {
			isa = XCBuildConfiguration;
			buildSettings = {
				ASSETCATALOG_COMPILER_APPICON_NAME = AppIcon;
				DEVELOPMENT_TEAM = K84E4S7G4C;
				FRAMEWORK_SEARCH_PATHS = (
					"$(inherited)",
					"$(PROJECT_DIR)/Carthage/Build/iOS",
				);
				INFOPLIST_FILE = RealmChat/Info.plist;
				LD_RUNPATH_SEARCH_PATHS = "$(inherited) @executable_path/Frameworks";
				PRODUCT_BUNDLE_IDENTIFIER = me.fromkk.RealmChat;
				PRODUCT_NAME = "$(TARGET_NAME)";
				SWIFT_VERSION = 3.0;
			};
			name = Debug;
		};
		4F13E0A21DA484B000836064 /* Release */ = {
			isa = XCBuildConfiguration;
			buildSettings = {
				ASSETCATALOG_COMPILER_APPICON_NAME = AppIcon;
				DEVELOPMENT_TEAM = K84E4S7G4C;
				FRAMEWORK_SEARCH_PATHS = (
					"$(inherited)",
					"$(PROJECT_DIR)/Carthage/Build/iOS",
				);
				INFOPLIST_FILE = RealmChat/Info.plist;
				LD_RUNPATH_SEARCH_PATHS = "$(inherited) @executable_path/Frameworks";
				PRODUCT_BUNDLE_IDENTIFIER = me.fromkk.RealmChat;
				PRODUCT_NAME = "$(TARGET_NAME)";
				SWIFT_VERSION = 3.0;
			};
			name = Release;
		};
		4F13E0A41DA484B000836064 /* Debug */ = {
			isa = XCBuildConfiguration;
			buildSettings = {
				ALWAYS_EMBED_SWIFT_STANDARD_LIBRARIES = YES;
				BUNDLE_LOADER = "$(TEST_HOST)";
				DEVELOPMENT_TEAM = K84E4S7G4C;
				INFOPLIST_FILE = RealmChatTests/Info.plist;
				LD_RUNPATH_SEARCH_PATHS = "$(inherited) @executable_path/Frameworks @loader_path/Frameworks";
				PRODUCT_BUNDLE_IDENTIFIER = me.fromkk.RealmChatTests;
				PRODUCT_NAME = "$(TARGET_NAME)";
				SWIFT_VERSION = 3.0;
				TEST_HOST = "$(BUILT_PRODUCTS_DIR)/RealmChat.app/RealmChat";
			};
			name = Debug;
		};
		4F13E0A51DA484B000836064 /* Release */ = {
			isa = XCBuildConfiguration;
			buildSettings = {
				ALWAYS_EMBED_SWIFT_STANDARD_LIBRARIES = YES;
				BUNDLE_LOADER = "$(TEST_HOST)";
				DEVELOPMENT_TEAM = K84E4S7G4C;
				INFOPLIST_FILE = RealmChatTests/Info.plist;
				LD_RUNPATH_SEARCH_PATHS = "$(inherited) @executable_path/Frameworks @loader_path/Frameworks";
				PRODUCT_BUNDLE_IDENTIFIER = me.fromkk.RealmChatTests;
				PRODUCT_NAME = "$(TARGET_NAME)";
				SWIFT_VERSION = 3.0;
				TEST_HOST = "$(BUILT_PRODUCTS_DIR)/RealmChat.app/RealmChat";
			};
			name = Release;
		};
		4F13E0A71DA484B000836064 /* Debug */ = {
			isa = XCBuildConfiguration;
			buildSettings = {
				ALWAYS_EMBED_SWIFT_STANDARD_LIBRARIES = YES;
				DEVELOPMENT_TEAM = K84E4S7G4C;
				INFOPLIST_FILE = RealmChatUITests/Info.plist;
				LD_RUNPATH_SEARCH_PATHS = "$(inherited) @executable_path/Frameworks @loader_path/Frameworks";
				PRODUCT_BUNDLE_IDENTIFIER = me.fromkk.RealmChatUITests;
				PRODUCT_NAME = "$(TARGET_NAME)";
				SWIFT_VERSION = 3.0;
				TEST_TARGET_NAME = RealmChat;
			};
			name = Debug;
		};
		4F13E0A81DA484B000836064 /* Release */ = {
			isa = XCBuildConfiguration;
			buildSettings = {
				ALWAYS_EMBED_SWIFT_STANDARD_LIBRARIES = YES;
				DEVELOPMENT_TEAM = K84E4S7G4C;
				INFOPLIST_FILE = RealmChatUITests/Info.plist;
				LD_RUNPATH_SEARCH_PATHS = "$(inherited) @executable_path/Frameworks @loader_path/Frameworks";
				PRODUCT_BUNDLE_IDENTIFIER = me.fromkk.RealmChatUITests;
				PRODUCT_NAME = "$(TARGET_NAME)";
				SWIFT_VERSION = 3.0;
				TEST_TARGET_NAME = RealmChat;
			};
			name = Release;
		};
/* End XCBuildConfiguration section */

/* Begin XCConfigurationList section */
		4F13E0731DA484AF00836064 /* Build configuration list for PBXProject "RealmChat" */ = {
			isa = XCConfigurationList;
			buildConfigurations = (
				4F13E09E1DA484B000836064 /* Debug */,
				4F13E09F1DA484B000836064 /* Release */,
			);
			defaultConfigurationIsVisible = 0;
			defaultConfigurationName = Release;
		};
		4F13E0A01DA484B000836064 /* Build configuration list for PBXNativeTarget "RealmChat" */ = {
			isa = XCConfigurationList;
			buildConfigurations = (
				4F13E0A11DA484B000836064 /* Debug */,
				4F13E0A21DA484B000836064 /* Release */,
			);
			defaultConfigurationIsVisible = 0;
			defaultConfigurationName = Release;
		};
		4F13E0A31DA484B000836064 /* Build configuration list for PBXNativeTarget "RealmChatTests" */ = {
			isa = XCConfigurationList;
			buildConfigurations = (
				4F13E0A41DA484B000836064 /* Debug */,
				4F13E0A51DA484B000836064 /* Release */,
			);
			defaultConfigurationIsVisible = 0;
			defaultConfigurationName = Release;
		};
		4F13E0A61DA484B000836064 /* Build configuration list for PBXNativeTarget "RealmChatUITests" */ = {
			isa = XCConfigurationList;
			buildConfigurations = (
				4F13E0A71DA484B000836064 /* Debug */,
				4F13E0A81DA484B000836064 /* Release */,
			);
			defaultConfigurationIsVisible = 0;
			defaultConfigurationName = Release;
		};
/* End XCConfigurationList section */
	};
	rootObject = 4F13E0701DA484AF00836064 /* Project object */;
}
